// !$*UTF8*$!
{
	archiveVersion = 1;
	classes = {
	};
	objectVersion = 46;
	objects = {

/* Begin PBXBuildFile section */
		280F68E01C73343500D89D70 /* GetStartedViewController.m in Sources */ = {isa = PBXBuildFile; fileRef = 280F68DF1C73343500D89D70 /* GetStartedViewController.m */; };
		28211F8D1C72E6CB00BF5942 /* CompleteProfileViewController.m in Sources */ = {isa = PBXBuildFile; fileRef = 28211F8C1C72E6CB00BF5942 /* CompleteProfileViewController.m */; };
		28211F8F1C72E93200BF5942 /* add_green_icon.png in Resources */ = {isa = PBXBuildFile; fileRef = 28211F8E1C72E93200BF5942 /* add_green_icon.png */; };
		28211F911C72F80F00BF5942 /* camera_switch.png in Resources */ = {isa = PBXBuildFile; fileRef = 28211F901C72F80F00BF5942 /* camera_switch.png */; };
		282D964B1C759C05005CB4DD /* cross_icon.png in Resources */ = {isa = PBXBuildFile; fileRef = 282D96491C759C05005CB4DD /* cross_icon.png */; };
		282D964C1C759C05005CB4DD /* cross_icon@2x.png in Resources */ = {isa = PBXBuildFile; fileRef = 282D964A1C759C05005CB4DD /* cross_icon@2x.png */; };
		282D96501C759F3B005CB4DD /* CreateEventViewController.m in Sources */ = {isa = PBXBuildFile; fileRef = 282D964F1C759F3B005CB4DD /* CreateEventViewController.m */; };
		282D96541C75A8B1005CB4DD /* OutfitViewController.m in Sources */ = {isa = PBXBuildFile; fileRef = 282D96531C75A8B1005CB4DD /* OutfitViewController.m */; };
		282D96781C75AD60005CB4DD /* WebserviceViewController.m in Sources */ = {isa = PBXBuildFile; fileRef = 282D96571C75AD60005CB4DD /* WebserviceViewController.m */; };
		282D967C1C75AD60005CB4DD /* GoogleOAuth.m in Sources */ = {isa = PBXBuildFile; fileRef = 282D965F1C75AD60005CB4DD /* GoogleOAuth.m */; };
		282D967D1C75AD60005CB4DD /* NVSlideMenuController.m in Sources */ = {isa = PBXBuildFile; fileRef = 282D96611C75AD60005CB4DD /* NVSlideMenuController.m */; };
		282D967E1C75AD60005CB4DD /* Reachability.m in Sources */ = {isa = PBXBuildFile; fileRef = 282D96631C75AD60005CB4DD /* Reachability.m */; };
		282D967F1C75AD60005CB4DD /* MBProgressHUD.m in Sources */ = {isa = PBXBuildFile; fileRef = 282D96651C75AD60005CB4DD /* MBProgressHUD.m */; };
		282D96801C75AD60005CB4DD /* NSObject+SBJSON.m in Sources */ = {isa = PBXBuildFile; fileRef = 282D96671C75AD60005CB4DD /* NSObject+SBJSON.m */; };
		282D96811C75AD60005CB4DD /* NSString+SBJSON.m in Sources */ = {isa = PBXBuildFile; fileRef = 282D96691C75AD60005CB4DD /* NSString+SBJSON.m */; };
		282D96821C75AD60005CB4DD /* SBJSON.m in Sources */ = {isa = PBXBuildFile; fileRef = 282D966B1C75AD60005CB4DD /* SBJSON.m */; };
		282D96831C75AD60005CB4DD /* SBJsonBase.m in Sources */ = {isa = PBXBuildFile; fileRef = 282D966D1C75AD60005CB4DD /* SBJsonBase.m */; };
		282D96841C75AD60005CB4DD /* SBJsonParser.m in Sources */ = {isa = PBXBuildFile; fileRef = 282D966F1C75AD60005CB4DD /* SBJsonParser.m */; };
		282D96851C75AD60005CB4DD /* SBJsonWriter.m in Sources */ = {isa = PBXBuildFile; fileRef = 282D96711C75AD60005CB4DD /* SBJsonWriter.m */; };
		282D96861C75AD60005CB4DD /* Utilities.m in Sources */ = {isa = PBXBuildFile; fileRef = 282D96731C75AD60005CB4DD /* Utilities.m */; };
		282D96871C75AD60005CB4DD /* AsyncImageView.m in Sources */ = {isa = PBXBuildFile; fileRef = 282D96741C75AD60005CB4DD /* AsyncImageView.m */; };
		282D96881C75AD60005CB4DD /* MyAnnotation.m in Sources */ = {isa = PBXBuildFile; fileRef = 282D96771C75AD60005CB4DD /* MyAnnotation.m */; };
		282D968B1C75C126005CB4DD /* friendTableViewCell.m in Sources */ = {isa = PBXBuildFile; fileRef = 282D968A1C75C126005CB4DD /* friendTableViewCell.m */; };
		282D96961C75C3E2005CB4DD /* checkmark_icon.png in Resources */ = {isa = PBXBuildFile; fileRef = 282D968C1C75C3E2005CB4DD /* checkmark_icon.png */; };
		282D96971C75C3E2005CB4DD /* checkmark_icon@2x.png in Resources */ = {isa = PBXBuildFile; fileRef = 282D968D1C75C3E2005CB4DD /* checkmark_icon@2x.png */; };
		282D96981C75C3E2005CB4DD /* comments_icon.png in Resources */ = {isa = PBXBuildFile; fileRef = 282D968E1C75C3E2005CB4DD /* comments_icon.png */; };
		282D96991C75C3E2005CB4DD /* comments_icon@2x.png in Resources */ = {isa = PBXBuildFile; fileRef = 282D968F1C75C3E2005CB4DD /* comments_icon@2x.png */; };
		282D969A1C75C3E2005CB4DD /* listr_check.png in Resources */ = {isa = PBXBuildFile; fileRef = 282D96901C75C3E2005CB4DD /* listr_check.png */; };
		282D969B1C75C3E2005CB4DD /* listr_check@2x.png in Resources */ = {isa = PBXBuildFile; fileRef = 282D96911C75C3E2005CB4DD /* listr_check@2x.png */; };
		282D969C1C75C3E2005CB4DD /* listr_uncheck.png in Resources */ = {isa = PBXBuildFile; fileRef = 282D96921C75C3E2005CB4DD /* listr_uncheck.png */; };
		282D969D1C75C3E2005CB4DD /* listr_uncheck@2x.png in Resources */ = {isa = PBXBuildFile; fileRef = 282D96931C75C3E2005CB4DD /* listr_uncheck@2x.png */; };
		282D969E1C75C3E2005CB4DD /* reply_icon.png in Resources */ = {isa = PBXBuildFile; fileRef = 282D96941C75C3E2005CB4DD /* reply_icon.png */; };
		282D969F1C75C3E2005CB4DD /* reply_icon@2x.png in Resources */ = {isa = PBXBuildFile; fileRef = 282D96951C75C3E2005CB4DD /* reply_icon@2x.png */; };
		282D96A11C75C67D005CB4DD /* images-7.jpeg in Resources */ = {isa = PBXBuildFile; fileRef = 282D96A01C75C67D005CB4DD /* images-7.jpeg */; };
		28F930C01C71F84700556337 /* main.m in Sources */ = {isa = PBXBuildFile; fileRef = 28F930BF1C71F84700556337 /* main.m */; };
		28F930C31C71F84700556337 /* AppDelegate.m in Sources */ = {isa = PBXBuildFile; fileRef = 28F930C21C71F84700556337 /* AppDelegate.m */; };
		28F930C61C71F84700556337 /* ViewController.m in Sources */ = {isa = PBXBuildFile; fileRef = 28F930C51C71F84700556337 /* ViewController.m */; };
		28F930C91C71F84800556337 /* Main.storyboard in Resources */ = {isa = PBXBuildFile; fileRef = 28F930C71C71F84800556337 /* Main.storyboard */; };
		28F930CB1C71F84800556337 /* Images.xcassets in Resources */ = {isa = PBXBuildFile; fileRef = 28F930CA1C71F84800556337 /* Images.xcassets */; };
		28F930CE1C71F84800556337 /* LaunchScreen.xib in Resources */ = {isa = PBXBuildFile; fileRef = 28F930CC1C71F84800556337 /* LaunchScreen.xib */; };
		28F930DA1C71F84800556337 /* DressConnectProjectTests.m in Sources */ = {isa = PBXBuildFile; fileRef = 28F930D91C71F84800556337 /* DressConnectProjectTests.m */; };
		28F930E81C71F89B00556337 /* splash.png in Resources */ = {isa = PBXBuildFile; fileRef = 28F930E61C71F89B00556337 /* splash.png */; };
		28F930E91C71F89B00556337 /* splash@2x.png in Resources */ = {isa = PBXBuildFile; fileRef = 28F930E71C71F89B00556337 /* splash@2x.png */; };
		28F930EE1C71FB6200556337 /* RegisterationViewController.m in Sources */ = {isa = PBXBuildFile; fileRef = 28F930ED1C71FB6200556337 /* RegisterationViewController.m */; };
		28F930F11C71FB7100556337 /* LoginViewController.m in Sources */ = {isa = PBXBuildFile; fileRef = 28F930F01C71FB7100556337 /* LoginViewController.m */; };
		28F930F71C71FCC500556337 /* fb_button.png in Resources */ = {isa = PBXBuildFile; fileRef = 28F930F21C71FCC500556337 /* fb_button.png */; };
		28F930F81C71FCC500556337 /* login.png in Resources */ = {isa = PBXBuildFile; fileRef = 28F930F31C71FCC500556337 /* login.png */; };
		28F930F91C71FCC500556337 /* back_arrow.png in Resources */ = {isa = PBXBuildFile; fileRef = 28F930F41C71FCC500556337 /* back_arrow.png */; };
		28F930FA1C71FCC500556337 /* back_arrow@2x.png in Resources */ = {isa = PBXBuildFile; fileRef = 28F930F51C71FCC500556337 /* back_arrow@2x.png */; };
		28F930FB1C71FCC500556337 /* fb_button@2x.png in Resources */ = {isa = PBXBuildFile; fileRef = 28F930F61C71FCC500556337 /* fb_button@2x.png */; };
		28F930FF1C720E5500556337 /* ForgetPasswordViewController.m in Sources */ = {isa = PBXBuildFile; fileRef = 28F930FE1C720E5500556337 /* ForgetPasswordViewController.m */; };
		28FE8EA01C743C1100A7902D /* AskingNotificationViewController.m in Sources */ = {isa = PBXBuildFile; fileRef = 28FE8E9F1C743C1100A7902D /* AskingNotificationViewController.m */; };
		28FE8EC01C7474E200A7902D /* bell_icon.png in Resources */ = {isa = PBXBuildFile; fileRef = 28FE8EAA1C7474E200A7902D /* bell_icon.png */; };
		28FE8EC11C7474E200A7902D /* bell_icon@2x.png in Resources */ = {isa = PBXBuildFile; fileRef = 28FE8EAB1C7474E200A7902D /* bell_icon@2x.png */; };
		28FE8EC21C7474E200A7902D /* bell_icon_hover.png in Resources */ = {isa = PBXBuildFile; fileRef = 28FE8EAC1C7474E200A7902D /* bell_icon_hover.png */; };
		28FE8EC31C7474E200A7902D /* bell_icon_hover@2x.png in Resources */ = {isa = PBXBuildFile; fileRef = 28FE8EAD1C7474E200A7902D /* bell_icon_hover@2x.png */; };
		28FE8EC41C7474E200A7902D /* book_icon.png in Resources */ = {isa = PBXBuildFile; fileRef = 28FE8EAE1C7474E200A7902D /* book_icon.png */; };
		28FE8EC51C7474E200A7902D /* book_icon@2x.png in Resources */ = {isa = PBXBuildFile; fileRef = 28FE8EAF1C7474E200A7902D /* book_icon@2x.png */; };
		28FE8EC61C7474E200A7902D /* book_icon_hover.png in Resources */ = {isa = PBXBuildFile; fileRef = 28FE8EB01C7474E200A7902D /* book_icon_hover.png */; };
		28FE8EC71C7474E200A7902D /* book_icon_hover@2x.png in Resources */ = {isa = PBXBuildFile; fileRef = 28FE8EB11C7474E200A7902D /* book_icon_hover@2x.png */; };
		28FE8EC81C7474E200A7902D /* calender_icon.png in Resources */ = {isa = PBXBuildFile; fileRef = 28FE8EB21C7474E200A7902D /* calender_icon.png */; };
		28FE8EC91C7474E200A7902D /* calender_icon@2x.png in Resources */ = {isa = PBXBuildFile; fileRef = 28FE8EB31C7474E200A7902D /* calender_icon@2x.png */; };
		28FE8ECA1C7474E200A7902D /* calender_icon_hover.png in Resources */ = {isa = PBXBuildFile; fileRef = 28FE8EB41C7474E200A7902D /* calender_icon_hover.png */; };
		28FE8ECB1C7474E200A7902D /* calender_icon_hover@2x.png in Resources */ = {isa = PBXBuildFile; fileRef = 28FE8EB51C7474E200A7902D /* calender_icon_hover@2x.png */; };
		28FE8ECC1C7474E200A7902D /* hanger_icon.png in Resources */ = {isa = PBXBuildFile; fileRef = 28FE8EB61C7474E200A7902D /* hanger_icon.png */; };
		28FE8ECD1C7474E200A7902D /* hanger_icon@2x.png in Resources */ = {isa = PBXBuildFile; fileRef = 28FE8EB71C7474E200A7902D /* hanger_icon@2x.png */; };
		28FE8ECE1C7474E200A7902D /* hanger_icon_hover.png in Resources */ = {isa = PBXBuildFile; fileRef = 28FE8EB81C7474E200A7902D /* hanger_icon_hover.png */; };
		28FE8ECF1C7474E200A7902D /* hanger_icon_hover@2x.png in Resources */ = {isa = PBXBuildFile; fileRef = 28FE8EB91C7474E200A7902D /* hanger_icon_hover@2x.png */; };
		28FE8ED01C7474E200A7902D /* tab_bar_bg.png in Resources */ = {isa = PBXBuildFile; fileRef = 28FE8EBA1C7474E200A7902D /* tab_bar_bg.png */; };
		28FE8ED11C7474E200A7902D /* tab_bar_bg@2x.png in Resources */ = {isa = PBXBuildFile; fileRef = 28FE8EBB1C7474E200A7902D /* tab_bar_bg@2x.png */; };
		28FE8ED21C7474E200A7902D /* user_icon.png in Resources */ = {isa = PBXBuildFile; fileRef = 28FE8EBC1C7474E200A7902D /* user_icon.png */; };
		28FE8ED31C7474E200A7902D /* user_icon@2x.png in Resources */ = {isa = PBXBuildFile; fileRef = 28FE8EBD1C7474E200A7902D /* user_icon@2x.png */; };
		28FE8ED41C7474E200A7902D /* user_icon_hover.png in Resources */ = {isa = PBXBuildFile; fileRef = 28FE8EBE1C7474E200A7902D /* user_icon_hover.png */; };
		28FE8ED51C7474E200A7902D /* user_icon_hover@2x.png in Resources */ = {isa = PBXBuildFile; fileRef = 28FE8EBF1C7474E200A7902D /* user_icon_hover@2x.png */; };
		28FE8EE61C747C7500A7902D /* HomeViewController.m in Sources */ = {isa = PBXBuildFile; fileRef = 28FE8EE51C747C7500A7902D /* HomeViewController.m */; };
		28FE8EEA1C74827D00A7902D /* EventViewController.m in Sources */ = {isa = PBXBuildFile; fileRef = 28FE8EE91C74827D00A7902D /* EventViewController.m */; };
		28FE8EF31C74997C00A7902D /* DescriptionTableViewCell.m in Sources */ = {isa = PBXBuildFile; fileRef = 28FE8EF21C74997C00A7902D /* DescriptionTableViewCell.m */; };
/* End PBXBuildFile section */

/* Begin PBXContainerItemProxy section */
		28F930D41C71F84800556337 /* PBXContainerItemProxy */ = {
			isa = PBXContainerItemProxy;
			containerPortal = 28F930B21C71F84700556337 /* Project object */;
			proxyType = 1;
			remoteGlobalIDString = 28F930B91C71F84700556337;
			remoteInfo = DressConnectProject;
		};
/* End PBXContainerItemProxy section */

/* Begin PBXFileReference section */
		280F68DE1C73343500D89D70 /* GetStartedViewController.h */ = {isa = PBXFileReference; fileEncoding = 4; lastKnownFileType = sourcecode.c.h; path = GetStartedViewController.h; sourceTree = "<group>"; };
		280F68DF1C73343500D89D70 /* GetStartedViewController.m */ = {isa = PBXFileReference; fileEncoding = 4; lastKnownFileType = sourcecode.c.objc; path = GetStartedViewController.m; sourceTree = "<group>"; };
		28211F8B1C72E6CB00BF5942 /* CompleteProfileViewController.h */ = {isa = PBXFileReference; fileEncoding = 4; lastKnownFileType = sourcecode.c.h; path = CompleteProfileViewController.h; sourceTree = "<group>"; };
		28211F8C1C72E6CB00BF5942 /* CompleteProfileViewController.m */ = {isa = PBXFileReference; fileEncoding = 4; lastKnownFileType = sourcecode.c.objc; path = CompleteProfileViewController.m; sourceTree = "<group>"; };
		28211F8E1C72E93200BF5942 /* add_green_icon.png */ = {isa = PBXFileReference; lastKnownFileType = image.png; path = add_green_icon.png; sourceTree = "<group>"; };
		28211F901C72F80F00BF5942 /* camera_switch.png */ = {isa = PBXFileReference; lastKnownFileType = image.png; path = camera_switch.png; sourceTree = "<group>"; };
		282D96491C759C05005CB4DD /* cross_icon.png */ = {isa = PBXFileReference; lastKnownFileType = image.png; path = cross_icon.png; sourceTree = "<group>"; };
		282D964A1C759C05005CB4DD /* cross_icon@2x.png */ = {isa = PBXFileReference; lastKnownFileType = image.png; path = "cross_icon@2x.png"; sourceTree = "<group>"; };
		282D964E1C759F3B005CB4DD /* CreateEventViewController.h */ = {isa = PBXFileReference; fileEncoding = 4; lastKnownFileType = sourcecode.c.h; path = CreateEventViewController.h; sourceTree = "<group>"; };
		282D964F1C759F3B005CB4DD /* CreateEventViewController.m */ = {isa = PBXFileReference; fileEncoding = 4; lastKnownFileType = sourcecode.c.objc; path = CreateEventViewController.m; sourceTree = "<group>"; };
		282D96521C75A8B1005CB4DD /* OutfitViewController.h */ = {isa = PBXFileReference; fileEncoding = 4; lastKnownFileType = sourcecode.c.h; path = OutfitViewController.h; sourceTree = "<group>"; };
		282D96531C75A8B1005CB4DD /* OutfitViewController.m */ = {isa = PBXFileReference; fileEncoding = 4; lastKnownFileType = sourcecode.c.objc; path = OutfitViewController.m; sourceTree = "<group>"; };
		282D96561C75AD60005CB4DD /* WebserviceViewController.h */ = {isa = PBXFileReference; fileEncoding = 4; lastKnownFileType = sourcecode.c.h; path = WebserviceViewController.h; sourceTree = "<group>"; };
		282D96571C75AD60005CB4DD /* WebserviceViewController.m */ = {isa = PBXFileReference; fileEncoding = 4; lastKnownFileType = sourcecode.c.objc; path = WebserviceViewController.m; sourceTree = "<group>"; };
		282D965E1C75AD60005CB4DD /* GoogleOAuth.h */ = {isa = PBXFileReference; fileEncoding = 4; lastKnownFileType = sourcecode.c.h; path = GoogleOAuth.h; sourceTree = "<group>"; };
		282D965F1C75AD60005CB4DD /* GoogleOAuth.m */ = {isa = PBXFileReference; fileEncoding = 4; lastKnownFileType = sourcecode.c.objc; path = GoogleOAuth.m; sourceTree = "<group>"; };
		282D96601C75AD60005CB4DD /* NVSlideMenuController.h */ = {isa = PBXFileReference; fileEncoding = 4; lastKnownFileType = sourcecode.c.h; path = NVSlideMenuController.h; sourceTree = "<group>"; };
		282D96611C75AD60005CB4DD /* NVSlideMenuController.m */ = {isa = PBXFileReference; fileEncoding = 4; lastKnownFileType = sourcecode.c.objc; path = NVSlideMenuController.m; sourceTree = "<group>"; };
		282D96621C75AD60005CB4DD /* Reachability.h */ = {isa = PBXFileReference; fileEncoding = 4; lastKnownFileType = sourcecode.c.h; path = Reachability.h; sourceTree = "<group>"; };
		282D96631C75AD60005CB4DD /* Reachability.m */ = {isa = PBXFileReference; fileEncoding = 4; lastKnownFileType = sourcecode.c.objc; path = Reachability.m; sourceTree = "<group>"; };
		282D96641C75AD60005CB4DD /* MBProgressHUD.h */ = {isa = PBXFileReference; fileEncoding = 4; lastKnownFileType = sourcecode.c.h; path = MBProgressHUD.h; sourceTree = "<group>"; };
		282D96651C75AD60005CB4DD /* MBProgressHUD.m */ = {isa = PBXFileReference; fileEncoding = 4; lastKnownFileType = sourcecode.c.objc; path = MBProgressHUD.m; sourceTree = "<group>"; };
		282D96661C75AD60005CB4DD /* NSObject+SBJSON.h */ = {isa = PBXFileReference; fileEncoding = 4; lastKnownFileType = sourcecode.c.h; path = "NSObject+SBJSON.h"; sourceTree = "<group>"; };
		282D96671C75AD60005CB4DD /* NSObject+SBJSON.m */ = {isa = PBXFileReference; fileEncoding = 4; lastKnownFileType = sourcecode.c.objc; path = "NSObject+SBJSON.m"; sourceTree = "<group>"; };
		282D96681C75AD60005CB4DD /* NSString+SBJSON.h */ = {isa = PBXFileReference; fileEncoding = 4; lastKnownFileType = sourcecode.c.h; path = "NSString+SBJSON.h"; sourceTree = "<group>"; };
		282D96691C75AD60005CB4DD /* NSString+SBJSON.m */ = {isa = PBXFileReference; fileEncoding = 4; lastKnownFileType = sourcecode.c.objc; path = "NSString+SBJSON.m"; sourceTree = "<group>"; };
		282D966A1C75AD60005CB4DD /* SBJSON.h */ = {isa = PBXFileReference; fileEncoding = 4; lastKnownFileType = sourcecode.c.h; path = SBJSON.h; sourceTree = "<group>"; };
		282D966B1C75AD60005CB4DD /* SBJSON.m */ = {isa = PBXFileReference; fileEncoding = 4; lastKnownFileType = sourcecode.c.objc; path = SBJSON.m; sourceTree = "<group>"; };
		282D966C1C75AD60005CB4DD /* SBJsonBase.h */ = {isa = PBXFileReference; fileEncoding = 4; lastKnownFileType = sourcecode.c.h; path = SBJsonBase.h; sourceTree = "<group>"; };
		282D966D1C75AD60005CB4DD /* SBJsonBase.m */ = {isa = PBXFileReference; fileEncoding = 4; lastKnownFileType = sourcecode.c.objc; path = SBJsonBase.m; sourceTree = "<group>"; };
		282D966E1C75AD60005CB4DD /* SBJsonParser.h */ = {isa = PBXFileReference; fileEncoding = 4; lastKnownFileType = sourcecode.c.h; path = SBJsonParser.h; sourceTree = "<group>"; };
		282D966F1C75AD60005CB4DD /* SBJsonParser.m */ = {isa = PBXFileReference; fileEncoding = 4; lastKnownFileType = sourcecode.c.objc; path = SBJsonParser.m; sourceTree = "<group>"; };
		282D96701C75AD60005CB4DD /* SBJsonWriter.h */ = {isa = PBXFileReference; fileEncoding = 4; lastKnownFileType = sourcecode.c.h; path = SBJsonWriter.h; sourceTree = "<group>"; };
		282D96711C75AD60005CB4DD /* SBJsonWriter.m */ = {isa = PBXFileReference; fileEncoding = 4; lastKnownFileType = sourcecode.c.objc; path = SBJsonWriter.m; sourceTree = "<group>"; };
		282D96721C75AD60005CB4DD /* Utilities.h */ = {isa = PBXFileReference; fileEncoding = 4; lastKnownFileType = sourcecode.c.h; path = Utilities.h; sourceTree = "<group>"; };
		282D96731C75AD60005CB4DD /* Utilities.m */ = {isa = PBXFileReference; fileEncoding = 4; lastKnownFileType = sourcecode.c.objc; path = Utilities.m; sourceTree = "<group>"; };
		282D96741C75AD60005CB4DD /* AsyncImageView.m */ = {isa = PBXFileReference; fileEncoding = 4; lastKnownFileType = sourcecode.c.objc; path = AsyncImageView.m; sourceTree = "<group>"; };
		282D96751C75AD60005CB4DD /* AsyncImageView.h */ = {isa = PBXFileReference; fileEncoding = 4; lastKnownFileType = sourcecode.c.h; path = AsyncImageView.h; sourceTree = "<group>"; };
		282D96761C75AD60005CB4DD /* MyAnnotation.h */ = {isa = PBXFileReference; fileEncoding = 4; lastKnownFileType = sourcecode.c.h; path = MyAnnotation.h; sourceTree = "<group>"; };
		282D96771C75AD60005CB4DD /* MyAnnotation.m */ = {isa = PBXFileReference; fileEncoding = 4; lastKnownFileType = sourcecode.c.objc; path = MyAnnotation.m; sourceTree = "<group>"; };
		282D96891C75C126005CB4DD /* friendTableViewCell.h */ = {isa = PBXFileReference; fileEncoding = 4; lastKnownFileType = sourcecode.c.h; path = friendTableViewCell.h; sourceTree = "<group>"; };
		282D968A1C75C126005CB4DD /* friendTableViewCell.m */ = {isa = PBXFileReference; fileEncoding = 4; lastKnownFileType = sourcecode.c.objc; path = friendTableViewCell.m; sourceTree = "<group>"; };
		282D968C1C75C3E2005CB4DD /* checkmark_icon.png */ = {isa = PBXFileReference; lastKnownFileType = image.png; path = checkmark_icon.png; sourceTree = "<group>"; };
		282D968D1C75C3E2005CB4DD /* checkmark_icon@2x.png */ = {isa = PBXFileReference; lastKnownFileType = image.png; path = "checkmark_icon@2x.png"; sourceTree = "<group>"; };
		282D968E1C75C3E2005CB4DD /* comments_icon.png */ = {isa = PBXFileReference; lastKnownFileType = image.png; path = comments_icon.png; sourceTree = "<group>"; };
		282D968F1C75C3E2005CB4DD /* comments_icon@2x.png */ = {isa = PBXFileReference; lastKnownFileType = image.png; path = "comments_icon@2x.png"; sourceTree = "<group>"; };
		282D96901C75C3E2005CB4DD /* listr_check.png */ = {isa = PBXFileReference; lastKnownFileType = image.png; path = listr_check.png; sourceTree = "<group>"; };
		282D96911C75C3E2005CB4DD /* listr_check@2x.png */ = {isa = PBXFileReference; lastKnownFileType = image.png; path = "listr_check@2x.png"; sourceTree = "<group>"; };
		282D96921C75C3E2005CB4DD /* listr_uncheck.png */ = {isa = PBXFileReference; lastKnownFileType = image.png; path = listr_uncheck.png; sourceTree = "<group>"; };
		282D96931C75C3E2005CB4DD /* listr_uncheck@2x.png */ = {isa = PBXFileReference; lastKnownFileType = image.png; path = "listr_uncheck@2x.png"; sourceTree = "<group>"; };
		282D96941C75C3E2005CB4DD /* reply_icon.png */ = {isa = PBXFileReference; lastKnownFileType = image.png; path = reply_icon.png; sourceTree = "<group>"; };
		282D96951C75C3E2005CB4DD /* reply_icon@2x.png */ = {isa = PBXFileReference; lastKnownFileType = image.png; path = "reply_icon@2x.png"; sourceTree = "<group>"; };
		282D96A01C75C67D005CB4DD /* images-7.jpeg */ = {isa = PBXFileReference; lastKnownFileType = image.jpeg; path = "images-7.jpeg"; sourceTree = "<group>"; };
		28F930BA1C71F84700556337 /* DressConnectProject.app */ = {isa = PBXFileReference; explicitFileType = wrapper.application; includeInIndex = 0; path = DressConnectProject.app; sourceTree = BUILT_PRODUCTS_DIR; };
		28F930BE1C71F84700556337 /* Info.plist */ = {isa = PBXFileReference; lastKnownFileType = text.plist.xml; path = Info.plist; sourceTree = "<group>"; };
		28F930BF1C71F84700556337 /* main.m */ = {isa = PBXFileReference; lastKnownFileType = sourcecode.c.objc; path = main.m; sourceTree = "<group>"; };
		28F930C11C71F84700556337 /* AppDelegate.h */ = {isa = PBXFileReference; lastKnownFileType = sourcecode.c.h; path = AppDelegate.h; sourceTree = "<group>"; };
		28F930C21C71F84700556337 /* AppDelegate.m */ = {isa = PBXFileReference; lastKnownFileType = sourcecode.c.objc; path = AppDelegate.m; sourceTree = "<group>"; };
		28F930C41C71F84700556337 /* ViewController.h */ = {isa = PBXFileReference; lastKnownFileType = sourcecode.c.h; path = ViewController.h; sourceTree = "<group>"; };
		28F930C51C71F84700556337 /* ViewController.m */ = {isa = PBXFileReference; lastKnownFileType = sourcecode.c.objc; path = ViewController.m; sourceTree = "<group>"; };
		28F930C81C71F84800556337 /* Base */ = {isa = PBXFileReference; lastKnownFileType = file.storyboard; name = Base; path = Base.lproj/Main.storyboard; sourceTree = "<group>"; };
		28F930CA1C71F84800556337 /* Images.xcassets */ = {isa = PBXFileReference; lastKnownFileType = folder.assetcatalog; path = Images.xcassets; sourceTree = "<group>"; };
		28F930CD1C71F84800556337 /* Base */ = {isa = PBXFileReference; lastKnownFileType = file.xib; name = Base; path = Base.lproj/LaunchScreen.xib; sourceTree = "<group>"; };
		28F930D31C71F84800556337 /* DressConnectProjectTests.xctest */ = {isa = PBXFileReference; explicitFileType = wrapper.cfbundle; includeInIndex = 0; path = DressConnectProjectTests.xctest; sourceTree = BUILT_PRODUCTS_DIR; };
		28F930D81C71F84800556337 /* Info.plist */ = {isa = PBXFileReference; lastKnownFileType = text.plist.xml; path = Info.plist; sourceTree = "<group>"; };
		28F930D91C71F84800556337 /* DressConnectProjectTests.m */ = {isa = PBXFileReference; lastKnownFileType = sourcecode.c.objc; path = DressConnectProjectTests.m; sourceTree = "<group>"; };
		28F930E61C71F89B00556337 /* splash.png */ = {isa = PBXFileReference; lastKnownFileType = image.png; path = splash.png; sourceTree = "<group>"; };
		28F930E71C71F89B00556337 /* splash@2x.png */ = {isa = PBXFileReference; lastKnownFileType = image.png; path = "splash@2x.png"; sourceTree = "<group>"; };
		28F930EC1C71FB6200556337 /* RegisterationViewController.h */ = {isa = PBXFileReference; fileEncoding = 4; lastKnownFileType = sourcecode.c.h; path = RegisterationViewController.h; sourceTree = "<group>"; };
		28F930ED1C71FB6200556337 /* RegisterationViewController.m */ = {isa = PBXFileReference; fileEncoding = 4; lastKnownFileType = sourcecode.c.objc; path = RegisterationViewController.m; sourceTree = "<group>"; };
		28F930EF1C71FB7100556337 /* LoginViewController.h */ = {isa = PBXFileReference; fileEncoding = 4; lastKnownFileType = sourcecode.c.h; path = LoginViewController.h; sourceTree = "<group>"; };
		28F930F01C71FB7100556337 /* LoginViewController.m */ = {isa = PBXFileReference; fileEncoding = 4; lastKnownFileType = sourcecode.c.objc; path = LoginViewController.m; sourceTree = "<group>"; };
		28F930F21C71FCC500556337 /* fb_button.png */ = {isa = PBXFileReference; lastKnownFileType = image.png; path = fb_button.png; sourceTree = "<group>"; };
		28F930F31C71FCC500556337 /* login.png */ = {isa = PBXFileReference; lastKnownFileType = image.png; path = login.png; sourceTree = "<group>"; };
		28F930F41C71FCC500556337 /* back_arrow.png */ = {isa = PBXFileReference; lastKnownFileType = image.png; path = back_arrow.png; sourceTree = "<group>"; };
		28F930F51C71FCC500556337 /* back_arrow@2x.png */ = {isa = PBXFileReference; lastKnownFileType = image.png; path = "back_arrow@2x.png"; sourceTree = "<group>"; };
		28F930F61C71FCC500556337 /* fb_button@2x.png */ = {isa = PBXFileReference; lastKnownFileType = image.png; path = "fb_button@2x.png"; sourceTree = "<group>"; };
		28F930FD1C720E5500556337 /* ForgetPasswordViewController.h */ = {isa = PBXFileReference; fileEncoding = 4; lastKnownFileType = sourcecode.c.h; path = ForgetPasswordViewController.h; sourceTree = "<group>"; };
		28F930FE1C720E5500556337 /* ForgetPasswordViewController.m */ = {isa = PBXFileReference; fileEncoding = 4; lastKnownFileType = sourcecode.c.objc; path = ForgetPasswordViewController.m; sourceTree = "<group>"; };
		28FE8E9E1C743C1100A7902D /* AskingNotificationViewController.h */ = {isa = PBXFileReference; fileEncoding = 4; lastKnownFileType = sourcecode.c.h; path = AskingNotificationViewController.h; sourceTree = "<group>"; };
		28FE8E9F1C743C1100A7902D /* AskingNotificationViewController.m */ = {isa = PBXFileReference; fileEncoding = 4; lastKnownFileType = sourcecode.c.objc; path = AskingNotificationViewController.m; sourceTree = "<group>"; };
		28FE8EAA1C7474E200A7902D /* bell_icon.png */ = {isa = PBXFileReference; lastKnownFileType = image.png; path = bell_icon.png; sourceTree = "<group>"; };
		28FE8EAB1C7474E200A7902D /* bell_icon@2x.png */ = {isa = PBXFileReference; lastKnownFileType = image.png; path = "bell_icon@2x.png"; sourceTree = "<group>"; };
		28FE8EAC1C7474E200A7902D /* bell_icon_hover.png */ = {isa = PBXFileReference; lastKnownFileType = image.png; path = bell_icon_hover.png; sourceTree = "<group>"; };
		28FE8EAD1C7474E200A7902D /* bell_icon_hover@2x.png */ = {isa = PBXFileReference; lastKnownFileType = image.png; path = "bell_icon_hover@2x.png"; sourceTree = "<group>"; };
		28FE8EAE1C7474E200A7902D /* book_icon.png */ = {isa = PBXFileReference; lastKnownFileType = image.png; path = book_icon.png; sourceTree = "<group>"; };
		28FE8EAF1C7474E200A7902D /* book_icon@2x.png */ = {isa = PBXFileReference; lastKnownFileType = image.png; path = "book_icon@2x.png"; sourceTree = "<group>"; };
		28FE8EB01C7474E200A7902D /* book_icon_hover.png */ = {isa = PBXFileReference; lastKnownFileType = image.png; path = book_icon_hover.png; sourceTree = "<group>"; };
		28FE8EB11C7474E200A7902D /* book_icon_hover@2x.png */ = {isa = PBXFileReference; lastKnownFileType = image.png; path = "book_icon_hover@2x.png"; sourceTree = "<group>"; };
		28FE8EB21C7474E200A7902D /* calender_icon.png */ = {isa = PBXFileReference; lastKnownFileType = image.png; path = calender_icon.png; sourceTree = "<group>"; };
		28FE8EB31C7474E200A7902D /* calender_icon@2x.png */ = {isa = PBXFileReference; lastKnownFileType = image.png; path = "calender_icon@2x.png"; sourceTree = "<group>"; };
		28FE8EB41C7474E200A7902D /* calender_icon_hover.png */ = {isa = PBXFileReference; lastKnownFileType = image.png; path = calender_icon_hover.png; sourceTree = "<group>"; };
		28FE8EB51C7474E200A7902D /* calender_icon_hover@2x.png */ = {isa = PBXFileReference; lastKnownFileType = image.png; path = "calender_icon_hover@2x.png"; sourceTree = "<group>"; };
		28FE8EB61C7474E200A7902D /* hanger_icon.png */ = {isa = PBXFileReference; lastKnownFileType = image.png; path = hanger_icon.png; sourceTree = "<group>"; };
		28FE8EB71C7474E200A7902D /* hanger_icon@2x.png */ = {isa = PBXFileReference; lastKnownFileType = image.png; path = "hanger_icon@2x.png"; sourceTree = "<group>"; };
		28FE8EB81C7474E200A7902D /* hanger_icon_hover.png */ = {isa = PBXFileReference; lastKnownFileType = image.png; path = hanger_icon_hover.png; sourceTree = "<group>"; };
		28FE8EB91C7474E200A7902D /* hanger_icon_hover@2x.png */ = {isa = PBXFileReference; lastKnownFileType = image.png; path = "hanger_icon_hover@2x.png"; sourceTree = "<group>"; };
		28FE8EBA1C7474E200A7902D /* tab_bar_bg.png */ = {isa = PBXFileReference; lastKnownFileType = image.png; path = tab_bar_bg.png; sourceTree = "<group>"; };
		28FE8EBB1C7474E200A7902D /* tab_bar_bg@2x.png */ = {isa = PBXFileReference; lastKnownFileType = image.png; path = "tab_bar_bg@2x.png"; sourceTree = "<group>"; };
		28FE8EBC1C7474E200A7902D /* user_icon.png */ = {isa = PBXFileReference; lastKnownFileType = image.png; path = user_icon.png; sourceTree = "<group>"; };
		28FE8EBD1C7474E200A7902D /* user_icon@2x.png */ = {isa = PBXFileReference; lastKnownFileType = image.png; path = "user_icon@2x.png"; sourceTree = "<group>"; };
		28FE8EBE1C7474E200A7902D /* user_icon_hover.png */ = {isa = PBXFileReference; lastKnownFileType = image.png; path = user_icon_hover.png; sourceTree = "<group>"; };
		28FE8EBF1C7474E200A7902D /* user_icon_hover@2x.png */ = {isa = PBXFileReference; lastKnownFileType = image.png; path = "user_icon_hover@2x.png"; sourceTree = "<group>"; };
		28FE8EE41C747C7500A7902D /* HomeViewController.h */ = {isa = PBXFileReference; fileEncoding = 4; lastKnownFileType = sourcecode.c.h; path = HomeViewController.h; sourceTree = "<group>"; };
		28FE8EE51C747C7500A7902D /* HomeViewController.m */ = {isa = PBXFileReference; fileEncoding = 4; lastKnownFileType = sourcecode.c.objc; path = HomeViewController.m; sourceTree = "<group>"; };
		28FE8EE81C74827D00A7902D /* EventViewController.h */ = {isa = PBXFileReference; fileEncoding = 4; lastKnownFileType = sourcecode.c.h; path = EventViewController.h; sourceTree = "<group>"; };
		28FE8EE91C74827D00A7902D /* EventViewController.m */ = {isa = PBXFileReference; fileEncoding = 4; lastKnownFileType = sourcecode.c.objc; path = EventViewController.m; sourceTree = "<group>"; };
		28FE8EF11C74997C00A7902D /* DescriptionTableViewCell.h */ = {isa = PBXFileReference; fileEncoding = 4; lastKnownFileType = sourcecode.c.h; path = DescriptionTableViewCell.h; sourceTree = "<group>"; };
		28FE8EF21C74997C00A7902D /* DescriptionTableViewCell.m */ = {isa = PBXFileReference; fileEncoding = 4; lastKnownFileType = sourcecode.c.objc; path = DescriptionTableViewCell.m; sourceTree = "<group>"; };
/* End PBXFileReference section */

/* Begin PBXFrameworksBuildPhase section */
		28F930B71C71F84700556337 /* Frameworks */ = {
			isa = PBXFrameworksBuildPhase;
			buildActionMask = 2147483647;
			files = (
			);
			runOnlyForDeploymentPostprocessing = 0;
		};
		28F930D01C71F84800556337 /* Frameworks */ = {
			isa = PBXFrameworksBuildPhase;
			buildActionMask = 2147483647;
			files = (
			);
			runOnlyForDeploymentPostprocessing = 0;
		};
/* End PBXFrameworksBuildPhase section */

/* Begin PBXGroup section */
		280F68DD1C73340800D89D70 /* GetStartedView */ = {
			isa = PBXGroup;
			children = (
				280F68DE1C73343500D89D70 /* GetStartedViewController.h */,
				280F68DF1C73343500D89D70 /* GetStartedViewController.m */,
			);
			name = GetStartedView;
			sourceTree = "<group>";
		};
		28211F8A1C72E69F00BF5942 /* CompliteProfilePage */ = {
			isa = PBXGroup;
			children = (
				28211F8B1C72E6CB00BF5942 /* CompleteProfileViewController.h */,
				28211F8C1C72E6CB00BF5942 /* CompleteProfileViewController.m */,
			);
			name = CompliteProfilePage;
			sourceTree = "<group>";
		};
		282D964D1C759F14005CB4DD /* CreateEventGroup */ = {
			isa = PBXGroup;
			children = (
				282D964E1C759F3B005CB4DD /* CreateEventViewController.h */,
				282D964F1C759F3B005CB4DD /* CreateEventViewController.m */,
			);
			name = CreateEventGroup;
			sourceTree = "<group>";
		};
		282D96511C75A898005CB4DD /* OutfitsGroup */ = {
			isa = PBXGroup;
			children = (
				282D96521C75A8B1005CB4DD /* OutfitViewController.h */,
				282D96531C75A8B1005CB4DD /* OutfitViewController.m */,
				282D96891C75C126005CB4DD /* friendTableViewCell.h */,
				282D968A1C75C126005CB4DD /* friendTableViewCell.m */,
			);
			name = OutfitsGroup;
			sourceTree = "<group>";
		};
		282D96551C75AD3A005CB4DD /* Custom Class */ = {
			isa = PBXGroup;
			children = (
				282D96561C75AD60005CB4DD /* WebserviceViewController.h */,
				282D96571C75AD60005CB4DD /* WebserviceViewController.m */,
				282D965E1C75AD60005CB4DD /* GoogleOAuth.h */,
				282D965F1C75AD60005CB4DD /* GoogleOAuth.m */,
				282D96601C75AD60005CB4DD /* NVSlideMenuController.h */,
				282D96611C75AD60005CB4DD /* NVSlideMenuController.m */,
				282D96621C75AD60005CB4DD /* Reachability.h */,
				282D96631C75AD60005CB4DD /* Reachability.m */,
				282D96641C75AD60005CB4DD /* MBProgressHUD.h */,
				282D96651C75AD60005CB4DD /* MBProgressHUD.m */,
				282D96661C75AD60005CB4DD /* NSObject+SBJSON.h */,
				282D96671C75AD60005CB4DD /* NSObject+SBJSON.m */,
				282D96681C75AD60005CB4DD /* NSString+SBJSON.h */,
				282D96691C75AD60005CB4DD /* NSString+SBJSON.m */,
				282D966A1C75AD60005CB4DD /* SBJSON.h */,
				282D966B1C75AD60005CB4DD /* SBJSON.m */,
				282D966C1C75AD60005CB4DD /* SBJsonBase.h */,
				282D966D1C75AD60005CB4DD /* SBJsonBase.m */,
				282D966E1C75AD60005CB4DD /* SBJsonParser.h */,
				282D966F1C75AD60005CB4DD /* SBJsonParser.m */,
				282D96701C75AD60005CB4DD /* SBJsonWriter.h */,
				282D96711C75AD60005CB4DD /* SBJsonWriter.m */,
				282D96721C75AD60005CB4DD /* Utilities.h */,
				282D96731C75AD60005CB4DD /* Utilities.m */,
				282D96741C75AD60005CB4DD /* AsyncImageView.m */,
				282D96751C75AD60005CB4DD /* AsyncImageView.h */,
				282D96761C75AD60005CB4DD /* MyAnnotation.h */,
				282D96771C75AD60005CB4DD /* MyAnnotation.m */,
			);
			name = "Custom Class";
			sourceTree = "<group>";
		};
		28F930B11C71F84700556337 = {
			isa = PBXGroup;
			children = (
				28F930BC1C71F84700556337 /* DressConnectProject */,
				28F930D61C71F84800556337 /* DressConnectProjectTests */,
				28F930BB1C71F84700556337 /* Products */,
			);
			sourceTree = "<group>";
		};
		28F930BB1C71F84700556337 /* Products */ = {
			isa = PBXGroup;
			children = (
				28F930BA1C71F84700556337 /* DressConnectProject.app */,
				28F930D31C71F84800556337 /* DressConnectProjectTests.xctest */,
			);
			name = Products;
			sourceTree = "<group>";
		};
		28F930BC1C71F84700556337 /* DressConnectProject */ = {
			isa = PBXGroup;
			children = (
				28F930C71C71F84800556337 /* Main.storyboard */,
				282D96511C75A898005CB4DD /* OutfitsGroup */,
				282D964D1C759F14005CB4DD /* CreateEventGroup */,
				28FE8EE71C74826100A7902D /* EventGroupController */,
				28FE8EA11C74735300A7902D /* HomeView */,
				28FE8E9D1C743BF200A7902D /* AskingNotification */,
				280F68DD1C73340800D89D70 /* GetStartedView */,
				28211F8A1C72E69F00BF5942 /* CompliteProfilePage */,
				28F930FC1C720E3C00556337 /* ForgetPasswordView */,
				28F930EB1C71F9A800556337 /* RegisterView */,
				28F930EA1C71F99D00556337 /* LoginView */,
				28F930E31C71F85200556337 /* HomeView */,
				28F930CA1C71F84800556337 /* Images.xcassets */,
				28F930CC1C71F84800556337 /* LaunchScreen.xib */,
				28F930BD1C71F84700556337 /* Supporting Files */,
			);
			path = DressConnectProject;
			sourceTree = "<group>";
		};
		28F930BD1C71F84700556337 /* Supporting Files */ = {
			isa = PBXGroup;
			children = (
				282D96551C75AD3A005CB4DD /* Custom Class */,
				28F930E41C71F86700556337 /* Images */,
				28F930BE1C71F84700556337 /* Info.plist */,
				28F930BF1C71F84700556337 /* main.m */,
			);
			name = "Supporting Files";
			sourceTree = "<group>";
		};
		28F930D61C71F84800556337 /* DressConnectProjectTests */ = {
			isa = PBXGroup;
			children = (
				28F930D91C71F84800556337 /* DressConnectProjectTests.m */,
				28F930D71C71F84800556337 /* Supporting Files */,
			);
			path = DressConnectProjectTests;
			sourceTree = "<group>";
		};
		28F930D71C71F84800556337 /* Supporting Files */ = {
			isa = PBXGroup;
			children = (
				28F930D81C71F84800556337 /* Info.plist */,
			);
			name = "Supporting Files";
			sourceTree = "<group>";
		};
		28F930E31C71F85200556337 /* HomeView */ = {
			isa = PBXGroup;
			children = (
				28F930C11C71F84700556337 /* AppDelegate.h */,
				28F930C21C71F84700556337 /* AppDelegate.m */,
				28F930C41C71F84700556337 /* ViewController.h */,
				28F930C51C71F84700556337 /* ViewController.m */,
			);
			name = HomeView;
			sourceTree = "<group>";
		};
		28F930E41C71F86700556337 /* Images */ = {
			isa = PBXGroup;
			children = (
				282D96A01C75C67D005CB4DD /* images-7.jpeg */,
				282D968C1C75C3E2005CB4DD /* checkmark_icon.png */,
				282D968D1C75C3E2005CB4DD /* checkmark_icon@2x.png */,
				282D968E1C75C3E2005CB4DD /* comments_icon.png */,
				282D968F1C75C3E2005CB4DD /* comments_icon@2x.png */,
				282D96901C75C3E2005CB4DD /* listr_check.png */,
				282D96911C75C3E2005CB4DD /* listr_check@2x.png */,
				282D96921C75C3E2005CB4DD /* listr_uncheck.png */,
				282D96931C75C3E2005CB4DD /* listr_uncheck@2x.png */,
				282D96941C75C3E2005CB4DD /* reply_icon.png */,
				282D96951C75C3E2005CB4DD /* reply_icon@2x.png */,
				28FE8EA91C7474E200A7902D /* TabBarIcons */,
				28211F901C72F80F00BF5942 /* camera_switch.png */,
				28211F8E1C72E93200BF5942 /* add_green_icon.png */,
				28F930F21C71FCC500556337 /* fb_button.png */,
				28F930F31C71FCC500556337 /* login.png */,
				28F930F41C71FCC500556337 /* back_arrow.png */,
				28F930F51C71FCC500556337 /* back_arrow@2x.png */,
				28F930F61C71FCC500556337 /* fb_button@2x.png */,
				28F930E51C71F88000556337 /* Splash */,
			);
			name = Images;
			sourceTree = "<group>";
		};
		28F930E51C71F88000556337 /* Splash */ = {
			isa = PBXGroup;
			children = (
				28F930E61C71F89B00556337 /* splash.png */,
				28F930E71C71F89B00556337 /* splash@2x.png */,
			);
			name = Splash;
			sourceTree = "<group>";
		};
		28F930EA1C71F99D00556337 /* LoginView */ = {
			isa = PBXGroup;
			children = (
				28F930EF1C71FB7100556337 /* LoginViewController.h */,
				28F930F01C71FB7100556337 /* LoginViewController.m */,
			);
			name = LoginView;
			sourceTree = "<group>";
		};
		28F930EB1C71F9A800556337 /* RegisterView */ = {
			isa = PBXGroup;
			children = (
				28F930EC1C71FB6200556337 /* RegisterationViewController.h */,
				28F930ED1C71FB6200556337 /* RegisterationViewController.m */,
			);
			name = RegisterView;
			sourceTree = "<group>";
		};
		28F930FC1C720E3C00556337 /* ForgetPasswordView */ = {
			isa = PBXGroup;
			children = (
				28F930FD1C720E5500556337 /* ForgetPasswordViewController.h */,
				28F930FE1C720E5500556337 /* ForgetPasswordViewController.m */,
			);
			name = ForgetPasswordView;
			sourceTree = "<group>";
		};
		28FE8E9D1C743BF200A7902D /* AskingNotification */ = {
			isa = PBXGroup;
			children = (
				28FE8E9E1C743C1100A7902D /* AskingNotificationViewController.h */,
				28FE8E9F1C743C1100A7902D /* AskingNotificationViewController.m */,
			);
			name = AskingNotification;
			sourceTree = "<group>";
		};
		28FE8EA11C74735300A7902D /* HomeView */ = {
			isa = PBXGroup;
			children = (
				28FE8EE41C747C7500A7902D /* HomeViewController.h */,
				28FE8EE51C747C7500A7902D /* HomeViewController.m */,
			);
			name = HomeView;
			sourceTree = "<group>";
		};
		28FE8EA91C7474E200A7902D /* TabBarIcons */ = {
			isa = PBXGroup;
			children = (
				28FE8EAA1C7474E200A7902D /* bell_icon.png */,
				282D96491C759C05005CB4DD /* cross_icon.png */,
				282D964A1C759C05005CB4DD /* cross_icon@2x.png */,
				28FE8EAB1C7474E200A7902D /* bell_icon@2x.png */,
				28FE8EAC1C7474E200A7902D /* bell_icon_hover.png */,
				28FE8EAD1C7474E200A7902D /* bell_icon_hover@2x.png */,
				28FE8EAE1C7474E200A7902D /* book_icon.png */,
				28FE8EAF1C7474E200A7902D /* book_icon@2x.png */,
				28FE8EB01C7474E200A7902D /* book_icon_hover.png */,
				28FE8EB11C7474E200A7902D /* book_icon_hover@2x.png */,
				28FE8EB21C7474E200A7902D /* calender_icon.png */,
				28FE8EB31C7474E200A7902D /* calender_icon@2x.png */,
				28FE8EB41C7474E200A7902D /* calender_icon_hover.png */,
				28FE8EB51C7474E200A7902D /* calender_icon_hover@2x.png */,
				28FE8EB61C7474E200A7902D /* hanger_icon.png */,
				28FE8EB71C7474E200A7902D /* hanger_icon@2x.png */,
				28FE8EB81C7474E200A7902D /* hanger_icon_hover.png */,
				28FE8EB91C7474E200A7902D /* hanger_icon_hover@2x.png */,
				28FE8EBA1C7474E200A7902D /* tab_bar_bg.png */,
				28FE8EBB1C7474E200A7902D /* tab_bar_bg@2x.png */,
				28FE8EBC1C7474E200A7902D /* user_icon.png */,
				28FE8EBD1C7474E200A7902D /* user_icon@2x.png */,
				28FE8EBE1C7474E200A7902D /* user_icon_hover.png */,
				28FE8EBF1C7474E200A7902D /* user_icon_hover@2x.png */,
			);
			path = TabBarIcons;
			sourceTree = "<group>";
		};
		28FE8EE71C74826100A7902D /* EventGroupController */ = {
			isa = PBXGroup;
			children = (
				28FE8EE81C74827D00A7902D /* EventViewController.h */,
				28FE8EE91C74827D00A7902D /* EventViewController.m */,
				28FE8EF11C74997C00A7902D /* DescriptionTableViewCell.h */,
				28FE8EF21C74997C00A7902D /* DescriptionTableViewCell.m */,
			);
			name = EventGroupController;
			sourceTree = "<group>";
		};
/* End PBXGroup section */

/* Begin PBXNativeTarget section */
		28F930B91C71F84700556337 /* DressConnectProject */ = {
			isa = PBXNativeTarget;
			buildConfigurationList = 28F930DD1C71F84800556337 /* Build configuration list for PBXNativeTarget "DressConnectProject" */;
			buildPhases = (
				28F930B61C71F84700556337 /* Sources */,
				28F930B71C71F84700556337 /* Frameworks */,
				28F930B81C71F84700556337 /* Resources */,
			);
			buildRules = (
			);
			dependencies = (
			);
			name = DressConnectProject;
			productName = DressConnectProject;
			productReference = 28F930BA1C71F84700556337 /* DressConnectProject.app */;
			productType = "com.apple.product-type.application";
		};
		28F930D21C71F84800556337 /* DressConnectProjectTests */ = {
			isa = PBXNativeTarget;
			buildConfigurationList = 28F930E01C71F84800556337 /* Build configuration list for PBXNativeTarget "DressConnectProjectTests" */;
			buildPhases = (
				28F930CF1C71F84800556337 /* Sources */,
				28F930D01C71F84800556337 /* Frameworks */,
				28F930D11C71F84800556337 /* Resources */,
			);
			buildRules = (
			);
			dependencies = (
				28F930D51C71F84800556337 /* PBXTargetDependency */,
			);
			name = DressConnectProjectTests;
			productName = DressConnectProjectTests;
			productReference = 28F930D31C71F84800556337 /* DressConnectProjectTests.xctest */;
			productType = "com.apple.product-type.bundle.unit-test";
		};
/* End PBXNativeTarget section */

/* Begin PBXProject section */
		28F930B21C71F84700556337 /* Project object */ = {
			isa = PBXProject;
			attributes = {
				LastUpgradeCheck = 0600;
				ORGANIZATIONNAME = Samosys.com;
				TargetAttributes = {
					28F930B91C71F84700556337 = {
						CreatedOnToolsVersion = 6.0.1;
					};
					28F930D21C71F84800556337 = {
						CreatedOnToolsVersion = 6.0.1;
						TestTargetID = 28F930B91C71F84700556337;
					};
				};
			};
			buildConfigurationList = 28F930B51C71F84700556337 /* Build configuration list for PBXProject "DressConnectProject" */;
			compatibilityVersion = "Xcode 3.2";
			developmentRegion = English;
			hasScannedForEncodings = 0;
			knownRegions = (
				en,
				Base,
			);
			mainGroup = 28F930B11C71F84700556337;
			productRefGroup = 28F930BB1C71F84700556337 /* Products */;
			projectDirPath = "";
			projectRoot = "";
			targets = (
				28F930B91C71F84700556337 /* DressConnectProject */,
				28F930D21C71F84800556337 /* DressConnectProjectTests */,
			);
		};
/* End PBXProject section */

/* Begin PBXResourcesBuildPhase section */
		28F930B81C71F84700556337 /* Resources */ = {
			isa = PBXResourcesBuildPhase;
			buildActionMask = 2147483647;
			files = (
				28FE8ED01C7474E200A7902D /* tab_bar_bg.png in Resources */,
				28F930E91C71F89B00556337 /* splash@2x.png in Resources */,
				282D969B1C75C3E2005CB4DD /* listr_check@2x.png in Resources */,
				28F930E81C71F89B00556337 /* splash.png in Resources */,
				28FE8ECE1C7474E200A7902D /* hanger_icon_hover.png in Resources */,
				282D969C1C75C3E2005CB4DD /* listr_uncheck.png in Resources */,
				28F930FB1C71FCC500556337 /* fb_button@2x.png in Resources */,
				28FE8ED11C7474E200A7902D /* tab_bar_bg@2x.png in Resources */,
				28F930C91C71F84800556337 /* Main.storyboard in Resources */,
				282D96981C75C3E2005CB4DD /* comments_icon.png in Resources */,
				28F930CE1C71F84800556337 /* LaunchScreen.xib in Resources */,
				282D964C1C759C05005CB4DD /* cross_icon@2x.png in Resources */,
				282D969A1C75C3E2005CB4DD /* listr_check.png in Resources */,
				28FE8EC71C7474E200A7902D /* book_icon_hover@2x.png in Resources */,
				28F930F91C71FCC500556337 /* back_arrow.png in Resources */,
				282D964B1C759C05005CB4DD /* cross_icon.png in Resources */,
				28F930CB1C71F84800556337 /* Images.xcassets in Resources */,
				28FE8ECF1C7474E200A7902D /* hanger_icon_hover@2x.png in Resources */,
				282D96991C75C3E2005CB4DD /* comments_icon@2x.png in Resources */,
				28FE8ECD1C7474E200A7902D /* hanger_icon@2x.png in Resources */,
				28F930F71C71FCC500556337 /* fb_button.png in Resources */,
				28FE8EC61C7474E200A7902D /* book_icon_hover.png in Resources */,
				28FE8ED51C7474E200A7902D /* user_icon_hover@2x.png in Resources */,
				28FE8EC81C7474E200A7902D /* calender_icon.png in Resources */,
				28F930F81C71FCC500556337 /* login.png in Resources */,
				28F930FA1C71FCC500556337 /* back_arrow@2x.png in Resources */,
				28FE8EC11C7474E200A7902D /* bell_icon@2x.png in Resources */,
				28FE8EC01C7474E200A7902D /* bell_icon.png in Resources */,
				28FE8ED31C7474E200A7902D /* user_icon@2x.png in Resources */,
				28211F911C72F80F00BF5942 /* camera_switch.png in Resources */,
				28FE8ECB1C7474E200A7902D /* calender_icon_hover@2x.png in Resources */,
				28FE8EC31C7474E200A7902D /* bell_icon_hover@2x.png in Resources */,
				282D969E1C75C3E2005CB4DD /* reply_icon.png in Resources */,
				28FE8ED21C7474E200A7902D /* user_icon.png in Resources */,
				28FE8ED41C7474E200A7902D /* user_icon_hover.png in Resources */,
				28FE8EC51C7474E200A7902D /* book_icon@2x.png in Resources */,
				28FE8EC41C7474E200A7902D /* book_icon.png in Resources */,
				28FE8EC21C7474E200A7902D /* bell_icon_hover.png in Resources */,
				28FE8ECC1C7474E200A7902D /* hanger_icon.png in Resources */,
				282D96971C75C3E2005CB4DD /* checkmark_icon@2x.png in Resources */,
				282D969F1C75C3E2005CB4DD /* reply_icon@2x.png in Resources */,
				282D969D1C75C3E2005CB4DD /* listr_uncheck@2x.png in Resources */,
				28211F8F1C72E93200BF5942 /* add_green_icon.png in Resources */,
				28FE8ECA1C7474E200A7902D /* calender_icon_hover.png in Resources */,
				282D96A11C75C67D005CB4DD /* images-7.jpeg in Resources */,
				282D96961C75C3E2005CB4DD /* checkmark_icon.png in Resources */,
				28FE8EC91C7474E200A7902D /* calender_icon@2x.png in Resources */,
			);
			runOnlyForDeploymentPostprocessing = 0;
		};
		28F930D11C71F84800556337 /* Resources */ = {
			isa = PBXResourcesBuildPhase;
			buildActionMask = 2147483647;
			files = (
			);
			runOnlyForDeploymentPostprocessing = 0;
		};
/* End PBXResourcesBuildPhase section */

/* Begin PBXSourcesBuildPhase section */
		28F930B61C71F84700556337 /* Sources */ = {
			isa = PBXSourcesBuildPhase;
			buildActionMask = 2147483647;
			files = (
				282D96861C75AD60005CB4DD /* Utilities.m in Sources */,
				282D96871C75AD60005CB4DD /* AsyncImageView.m in Sources */,
				28F930C61C71F84700556337 /* ViewController.m in Sources */,
				282D967C1C75AD60005CB4DD /* GoogleOAuth.m in Sources */,
				282D96541C75A8B1005CB4DD /* OutfitViewController.m in Sources */,
				28FE8EA01C743C1100A7902D /* AskingNotificationViewController.m in Sources */,
				28211F8D1C72E6CB00BF5942 /* CompleteProfileViewController.m in Sources */,
				28F930C31C71F84700556337 /* AppDelegate.m in Sources */,
				282D96501C759F3B005CB4DD /* CreateEventViewController.m in Sources */,
				280F68E01C73343500D89D70 /* GetStartedViewController.m in Sources */,
				282D967D1C75AD60005CB4DD /* NVSlideMenuController.m in Sources */,
				282D968B1C75C126005CB4DD /* friendTableViewCell.m in Sources */,
				28FE8EE61C747C7500A7902D /* HomeViewController.m in Sources */,
				282D967E1C75AD60005CB4DD /* Reachability.m in Sources */,
				28F930FF1C720E5500556337 /* ForgetPasswordViewController.m in Sources */,
				28F930C01C71F84700556337 /* main.m in Sources */,
				282D96801C75AD60005CB4DD /* NSObject+SBJSON.m in Sources */,
				28FE8EF31C74997C00A7902D /* DescriptionTableViewCell.m in Sources */,
				282D967F1C75AD60005CB4DD /* MBProgressHUD.m in Sources */,
				282D96881C75AD60005CB4DD /* MyAnnotation.m in Sources */,
				282D96831C75AD60005CB4DD /* SBJsonBase.m in Sources */,
				282D96781C75AD60005CB4DD /* WebserviceViewController.m in Sources */,
				28F930EE1C71FB6200556337 /* RegisterationViewController.m in Sources */,
				282D96851C75AD60005CB4DD /* SBJsonWriter.m in Sources */,
				28F930F11C71FB7100556337 /* LoginViewController.m in Sources */,
				282D96811C75AD60005CB4DD /* NSString+SBJSON.m in Sources */,
				282D96841C75AD60005CB4DD /* SBJsonParser.m in Sources */,
				28FE8EEA1C74827D00A7902D /* EventViewController.m in Sources */,
				282D96821C75AD60005CB4DD /* SBJSON.m in Sources */,
			);
			runOnlyForDeploymentPostprocessing = 0;
		};
		28F930CF1C71F84800556337 /* Sources */ = {
			isa = PBXSourcesBuildPhase;
			buildActionMask = 2147483647;
			files = (
				28F930DA1C71F84800556337 /* DressConnectProjectTests.m in Sources */,
			);
			runOnlyForDeploymentPostprocessing = 0;
		};
/* End PBXSourcesBuildPhase section */

/* Begin PBXTargetDependency section */
		28F930D51C71F84800556337 /* PBXTargetDependency */ = {
			isa = PBXTargetDependency;
			target = 28F930B91C71F84700556337 /* DressConnectProject */;
			targetProxy = 28F930D41C71F84800556337 /* PBXContainerItemProxy */;
		};
/* End PBXTargetDependency section */

/* Begin PBXVariantGroup section */
		28F930C71C71F84800556337 /* Main.storyboard */ = {
			isa = PBXVariantGroup;
			children = (
				28F930C81C71F84800556337 /* Base */,
			);
			name = Main.storyboard;
			sourceTree = "<group>";
		};
		28F930CC1C71F84800556337 /* LaunchScreen.xib */ = {
			isa = PBXVariantGroup;
			children = (
				28F930CD1C71F84800556337 /* Base */,
			);
			name = LaunchScreen.xib;
			sourceTree = "<group>";
		};
/* End PBXVariantGroup section */

/* Begin XCBuildConfiguration section */
		28F930DB1C71F84800556337 /* Debug */ = {
			isa = XCBuildConfiguration;
			buildSettings = {
				ALWAYS_SEARCH_USER_PATHS = NO;
				CLANG_CXX_LANGUAGE_STANDARD = "gnu++0x";
				CLANG_CXX_LIBRARY = "libc++";
				CLANG_ENABLE_MODULES = YES;
				CLANG_ENABLE_OBJC_ARC = YES;
				CLANG_WARN_BOOL_CONVERSION = YES;
				CLANG_WARN_CONSTANT_CONVERSION = YES;
				CLANG_WARN_DIRECT_OBJC_ISA_USAGE = YES_ERROR;
				CLANG_WARN_EMPTY_BODY = YES;
				CLANG_WARN_ENUM_CONVERSION = YES;
				CLANG_WARN_INT_CONVERSION = YES;
				CLANG_WARN_OBJC_ROOT_CLASS = YES_ERROR;
				CLANG_WARN_UNREACHABLE_CODE = YES;
				CLANG_WARN__DUPLICATE_METHOD_MATCH = YES;
				CODE_SIGN_IDENTITY = "iPhone Distribution: Samosys Technologies (KRKMGDR3TM)";
				"CODE_SIGN_IDENTITY[sdk=iphoneos*]" = "iPhone Distribution: Samosys Technologies (KRKMGDR3TM)";
				COPY_PHASE_STRIP = NO;
				ENABLE_STRICT_OBJC_MSGSEND = YES;
				GCC_C_LANGUAGE_STANDARD = gnu99;
				GCC_DYNAMIC_NO_PIC = NO;
				GCC_OPTIMIZATION_LEVEL = 0;
				GCC_PREPROCESSOR_DEFINITIONS = (
					"DEBUG=1",
					"$(inherited)",
				);
				GCC_SYMBOLS_PRIVATE_EXTERN = NO;
				GCC_WARN_64_TO_32_BIT_CONVERSION = YES;
				GCC_WARN_ABOUT_RETURN_TYPE = YES_ERROR;
				GCC_WARN_UNDECLARED_SELECTOR = YES;
				GCC_WARN_UNINITIALIZED_AUTOS = YES_AGGRESSIVE;
				GCC_WARN_UNUSED_FUNCTION = YES;
				GCC_WARN_UNUSED_VARIABLE = YES;
				IPHONEOS_DEPLOYMENT_TARGET = 8.0;
				MTL_ENABLE_DEBUG_INFO = YES;
				ONLY_ACTIVE_ARCH = YES;
				PROVISIONING_PROFILE = "0d9723c9-918e-402a-987f-9d784ed2b2b0";
				SDKROOT = iphoneos;
			};
			name = Debug;
		};
		28F930DC1C71F84800556337 /* Release */ = {
			isa = XCBuildConfiguration;
			buildSettings = {
				ALWAYS_SEARCH_USER_PATHS = NO;
				CLANG_CXX_LANGUAGE_STANDARD = "gnu++0x";
				CLANG_CXX_LIBRARY = "libc++";
				CLANG_ENABLE_MODULES = YES;
				CLANG_ENABLE_OBJC_ARC = YES;
				CLANG_WARN_BOOL_CONVERSION = YES;
				CLANG_WARN_CONSTANT_CONVERSION = YES;
				CLANG_WARN_DIRECT_OBJC_ISA_USAGE = YES_ERROR;
				CLANG_WARN_EMPTY_BODY = YES;
				CLANG_WARN_ENUM_CONVERSION = YES;
				CLANG_WARN_INT_CONVERSION = YES;
				CLANG_WARN_OBJC_ROOT_CLASS = YES_ERROR;
				CLANG_WARN_UNREACHABLE_CODE = YES;
				CLANG_WARN__DUPLICATE_METHOD_MATCH = YES;
				CODE_SIGN_IDENTITY = "iPhone Distribution: Samosys Technologies (KRKMGDR3TM)";
				"CODE_SIGN_IDENTITY[sdk=iphoneos*]" = "iPhone Distribution: Samosys Technologies (KRKMGDR3TM)";
				COPY_PHASE_STRIP = YES;
				ENABLE_NS_ASSERTIONS = NO;
				ENABLE_STRICT_OBJC_MSGSEND = YES;
				GCC_C_LANGUAGE_STANDARD = gnu99;
				GCC_WARN_64_TO_32_BIT_CONVERSION = YES;
				GCC_WARN_ABOUT_RETURN_TYPE = YES_ERROR;
				GCC_WARN_UNDECLARED_SELECTOR = YES;
				GCC_WARN_UNINITIALIZED_AUTOS = YES_AGGRESSIVE;
				GCC_WARN_UNUSED_FUNCTION = YES;
				GCC_WARN_UNUSED_VARIABLE = YES;
				IPHONEOS_DEPLOYMENT_TARGET = 8.0;
				MTL_ENABLE_DEBUG_INFO = NO;
				PROVISIONING_PROFILE = "0d9723c9-918e-402a-987f-9d784ed2b2b0";
				SDKROOT = iphoneos;
				VALIDATE_PRODUCT = YES;
			};
			name = Release;
		};
		28F930DE1C71F84800556337 /* Debug */ = {
			isa = XCBuildConfiguration;
			buildSettings = {
				ASSETCATALOG_COMPILER_APPICON_NAME = AppIcon;
				CODE_SIGN_IDENTITY = "iPhone Distribution: Samosys Technologies (KRKMGDR3TM)";
				"CODE_SIGN_IDENTITY[sdk=iphoneos*]" = "iPhone Distribution: Samosys Technologies (KRKMGDR3TM)";
				INFOPLIST_FILE = DressConnectProject/Info.plist;
				LD_RUNPATH_SEARCH_PATHS = "$(inherited) @executable_path/Frameworks";
				PRODUCT_NAME = "$(TARGET_NAME)";
				PROVISIONING_PROFILE = "0d9723c9-918e-402a-987f-9d784ed2b2b0";
			};
			name = Debug;
		};
		28F930DF1C71F84800556337 /* Release */ = {
			isa = XCBuildConfiguration;
			buildSettings = {
				ASSETCATALOG_COMPILER_APPICON_NAME = AppIcon;
				CODE_SIGN_IDENTITY = "iPhone Distribution: Samosys Technologies (KRKMGDR3TM)";
				"CODE_SIGN_IDENTITY[sdk=iphoneos*]" = "iPhone Distribution: Samosys Technologies (KRKMGDR3TM)";
				INFOPLIST_FILE = DressConnectProject/Info.plist;
				LD_RUNPATH_SEARCH_PATHS = "$(inherited) @executable_path/Frameworks";
				PRODUCT_NAME = "$(TARGET_NAME)";
				PROVISIONING_PROFILE = "0d9723c9-918e-402a-987f-9d784ed2b2b0";
			};
			name = Release;
		};
		28F930E11C71F84800556337 /* Debug */ = {
			isa = XCBuildConfiguration;
			buildSettings = {
				BUNDLE_LOADER = "$(TEST_HOST)";
				FRAMEWORK_SEARCH_PATHS = (
					"$(SDKROOT)/Developer/Library/Frameworks",
					"$(inherited)",
				);
				GCC_PREPROCESSOR_DEFINITIONS = (
					"DEBUG=1",
					"$(inherited)",
				);
				INFOPLIST_FILE = DressConnectProjectTests/Info.plist;
				LD_RUNPATH_SEARCH_PATHS = "$(inherited) @executable_path/Frameworks @loader_path/Frameworks";
				PRODUCT_NAME = "$(TARGET_NAME)";
				TEST_HOST = "$(BUILT_PRODUCTS_DIR)/DressConnectProject.app/DressConnectProject";
			};
			name = Debug;
		};
		28F930E21C71F84800556337 /* Release */ = {
			isa = XCBuildConfiguration;
			buildSettings = {
				BUNDLE_LOADER = "$(TEST_HOST)";
				FRAMEWORK_SEARCH_PATHS = (
					"$(SDKROOT)/Developer/Library/Frameworks",
					"$(inherited)",
				);
				INFOPLIST_FILE = DressConnectProjectTests/Info.plist;
				LD_RUNPATH_SEARCH_PATHS = "$(inherited) @executable_path/Frameworks @loader_path/Frameworks";
				PRODUCT_NAME = "$(TARGET_NAME)";
				TEST_HOST = "$(BUILT_PRODUCTS_DIR)/DressConnectProject.app/DressConnectProject";
			};
			name = Release;
		};
/* End XCBuildConfiguration section */

/* Begin XCConfigurationList section */
		28F930B51C71F84700556337 /* Build configuration list for PBXProject "DressConnectProject" */ = {
			isa = XCConfigurationList;
			buildConfigurations = (
				28F930DB1C71F84800556337 /* Debug */,
				28F930DC1C71F84800556337 /* Release */,
			);
			defaultConfigurationIsVisible = 0;
			defaultConfigurationName = Release;
		};
		28F930DD1C71F84800556337 /* Build configuration list for PBXNativeTarget "DressConnectProject" */ = {
			isa = XCConfigurationList;
			buildConfigurations = (
				28F930DE1C71F84800556337 /* Debug */,
				28F930DF1C71F84800556337 /* Release */,
			);
			defaultConfigurationIsVisible = 0;
			defaultConfigurationName = Release;
		};
		28F930E01C71F84800556337 /* Build configuration list for PBXNativeTarget "DressConnectProjectTests" */ = {
			isa = XCConfigurationList;
			buildConfigurations = (
				28F930E11C71F84800556337 /* Debug */,
				28F930E21C71F84800556337 /* Release */,
			);
			defaultConfigurationIsVisible = 0;
			defaultConfigurationName = Release;
		};
/* End XCConfigurationList section */
	};
	rootObject = 28F930B21C71F84700556337 /* Project object */;
}
